// !$*UTF8*$!
{
	archiveVersion = 1;
	classes = {
	};
	objectVersion = 48;
	objects = {

/* Begin PBXBuildFile section */
		00C694A486947D9430566BE6 /* Pods_CostumeParty.framework in Frameworks */ = {isa = PBXBuildFile; fileRef = 4B2C42A7E49626ECC5C049C0 /* Pods_CostumeParty.framework */; };
		F60F7C3C1FE6225A00073506 /* AppDelegate.swift in Sources */ = {isa = PBXBuildFile; fileRef = F60F7C3B1FE6225A00073506 /* AppDelegate.swift */; };
		F60F7C3E1FE6225A00073506 /* LoginViewController.swift in Sources */ = {isa = PBXBuildFile; fileRef = F60F7C3D1FE6225A00073506 /* LoginViewController.swift */; };
		F60F7C431FE6225A00073506 /* Assets.xcassets in Resources */ = {isa = PBXBuildFile; fileRef = F60F7C421FE6225A00073506 /* Assets.xcassets */; };
		F60F7C461FE6225A00073506 /* LaunchScreen.storyboard in Resources */ = {isa = PBXBuildFile; fileRef = F60F7C441FE6225A00073506 /* LaunchScreen.storyboard */; };
		F622ADC2200A80B60073A3ED /* HostPartyFormViewController.swift in Sources */ = {isa = PBXBuildFile; fileRef = F622ADC1200A80B60073A3ED /* HostPartyFormViewController.swift */; };
		F65B57651FFE038C0078AE96 /* RegisterViewController.swift in Sources */ = {isa = PBXBuildFile; fileRef = F65B57641FFE038C0078AE96 /* RegisterViewController.swift */; };
		F66F6CCA1FE626AC0073766E /* Main.storyboard in Resources */ = {isa = PBXBuildFile; fileRef = F66F6CC91FE626AC0073766E /* Main.storyboard */; };
		F66F6CCF1FE62E7C0073766E /* PrimaryButton.swift in Sources */ = {isa = PBXBuildFile; fileRef = F66F6CCE1FE62E7C0073766E /* PrimaryButton.swift */; };
		F66F6CD21FE630310073766E /* AppColors.swift in Sources */ = {isa = PBXBuildFile; fileRef = F66F6CD11FE630310073766E /* AppColors.swift */; };
		F6847E6B1FFB52AC009FEB21 /* UIViewController+Extensions.swift in Sources */ = {isa = PBXBuildFile; fileRef = F6847E6A1FFB52AC009FEB21 /* UIViewController+Extensions.swift */; };
		F6847E6D1FFB5918009FEB21 /* PrimaryTextField.swift in Sources */ = {isa = PBXBuildFile; fileRef = F6847E6C1FFB5918009FEB21 /* PrimaryTextField.swift */; };
		F6B9FB711FE6F41000DED6B4 /* AppFonts.swift in Sources */ = {isa = PBXBuildFile; fileRef = F6B9FB701FE6F41000DED6B4 /* AppFonts.swift */; };
		F6D4ACDE200AD4520078816C /* CategoriesViewController.swift in Sources */ = {isa = PBXBuildFile; fileRef = F6D4ACDD200AD4520078816C /* CategoriesViewController.swift */; };
		F6E59FF220005D0A0041DBBE /* UITableView+Extensions.swift in Sources */ = {isa = PBXBuildFile; fileRef = F6E59FF120005D0A0041DBBE /* UITableView+Extensions.swift */; };
		F6E59FF4200060620041DBBE /* GoogleService-Info.plist in Resources */ = {isa = PBXBuildFile; fileRef = F6E59FF3200060620041DBBE /* GoogleService-Info.plist */; };
		F6EB447420006B83008647A1 /* AlertHelper.swift in Sources */ = {isa = PBXBuildFile; fileRef = F6EB447320006B83008647A1 /* AlertHelper.swift */; };
		F6EB4476200152BC008647A1 /* FirebaseService.swift in Sources */ = {isa = PBXBuildFile; fileRef = F6EB4475200152BC008647A1 /* FirebaseService.swift */; };
		F6EB447C20020FB0008647A1 /* UIView+Extensions.swift in Sources */ = {isa = PBXBuildFile; fileRef = F6EB447B20020FB0008647A1 /* UIView+Extensions.swift */; };
		F6EB44832002A85C008647A1 /* Party.swift in Sources */ = {isa = PBXBuildFile; fileRef = F6EB44822002A85C008647A1 /* Party.swift */; };
		F6EB44892002E17B008647A1 /* LobbyViewController.swift in Sources */ = {isa = PBXBuildFile; fileRef = F6EB44882002E17B008647A1 /* LobbyViewController.swift */; };
		F6EB448C20046E07008647A1 /* SettingsViewController.swift in Sources */ = {isa = PBXBuildFile; fileRef = F6EB448B20046E07008647A1 /* SettingsViewController.swift */; };
		F6EB448F2009D4EB008647A1 /* PartyTableViewCell.swift in Sources */ = {isa = PBXBuildFile; fileRef = F6EB448D2009D4EB008647A1 /* PartyTableViewCell.swift */; };
		F6EB44902009D4EB008647A1 /* PartyTableViewCell.xib in Resources */ = {isa = PBXBuildFile; fileRef = F6EB448E2009D4EB008647A1 /* PartyTableViewCell.xib */; };
		F6EB44922009DCD3008647A1 /* PartyListViewController.swift in Sources */ = {isa = PBXBuildFile; fileRef = F6EB44912009DCD3008647A1 /* PartyListViewController.swift */; };
/* End PBXBuildFile section */

/* Begin PBXFileReference section */
		4B2C42A7E49626ECC5C049C0 /* Pods_CostumeParty.framework */ = {isa = PBXFileReference; explicitFileType = wrapper.framework; includeInIndex = 0; path = Pods_CostumeParty.framework; sourceTree = BUILT_PRODUCTS_DIR; };
		77A09FF3F4B2AE0B22ABE3BB /* Pods-CostumeParty.debug.xcconfig */ = {isa = PBXFileReference; includeInIndex = 1; lastKnownFileType = text.xcconfig; name = "Pods-CostumeParty.debug.xcconfig"; path = "Pods/Target Support Files/Pods-CostumeParty/Pods-CostumeParty.debug.xcconfig"; sourceTree = "<group>"; };
		B16E58E05475573B997E0612 /* Pods-CostumeParty.release.xcconfig */ = {isa = PBXFileReference; includeInIndex = 1; lastKnownFileType = text.xcconfig; name = "Pods-CostumeParty.release.xcconfig"; path = "Pods/Target Support Files/Pods-CostumeParty/Pods-CostumeParty.release.xcconfig"; sourceTree = "<group>"; };
		F60F7C381FE6225A00073506 /* CostumeParty.app */ = {isa = PBXFileReference; explicitFileType = wrapper.application; includeInIndex = 0; path = CostumeParty.app; sourceTree = BUILT_PRODUCTS_DIR; };
		F60F7C3B1FE6225A00073506 /* AppDelegate.swift */ = {isa = PBXFileReference; lastKnownFileType = sourcecode.swift; path = AppDelegate.swift; sourceTree = "<group>"; };
		F60F7C3D1FE6225A00073506 /* LoginViewController.swift */ = {isa = PBXFileReference; lastKnownFileType = sourcecode.swift; path = LoginViewController.swift; sourceTree = "<group>"; };
		F60F7C421FE6225A00073506 /* Assets.xcassets */ = {isa = PBXFileReference; lastKnownFileType = folder.assetcatalog; path = Assets.xcassets; sourceTree = "<group>"; };
		F60F7C451FE6225A00073506 /* Base */ = {isa = PBXFileReference; lastKnownFileType = file.storyboard; name = Base; path = Base.lproj/LaunchScreen.storyboard; sourceTree = "<group>"; };
		F60F7C471FE6225A00073506 /* Info.plist */ = {isa = PBXFileReference; lastKnownFileType = text.plist.xml; path = Info.plist; sourceTree = "<group>"; };
		F622ADC1200A80B60073A3ED /* HostPartyFormViewController.swift */ = {isa = PBXFileReference; lastKnownFileType = sourcecode.swift; path = HostPartyFormViewController.swift; sourceTree = "<group>"; };
		F65B57641FFE038C0078AE96 /* RegisterViewController.swift */ = {isa = PBXFileReference; lastKnownFileType = sourcecode.swift; path = RegisterViewController.swift; sourceTree = "<group>"; };
		F66F6CC91FE626AC0073766E /* Main.storyboard */ = {isa = PBXFileReference; lastKnownFileType = file.storyboard; path = Main.storyboard; sourceTree = "<group>"; };
		F66F6CCE1FE62E7C0073766E /* PrimaryButton.swift */ = {isa = PBXFileReference; lastKnownFileType = sourcecode.swift; path = PrimaryButton.swift; sourceTree = "<group>"; };
		F66F6CD11FE630310073766E /* AppColors.swift */ = {isa = PBXFileReference; lastKnownFileType = sourcecode.swift; path = AppColors.swift; sourceTree = "<group>"; };
		F6847E6A1FFB52AC009FEB21 /* UIViewController+Extensions.swift */ = {isa = PBXFileReference; lastKnownFileType = sourcecode.swift; path = "UIViewController+Extensions.swift"; sourceTree = "<group>"; };
		F6847E6C1FFB5918009FEB21 /* PrimaryTextField.swift */ = {isa = PBXFileReference; lastKnownFileType = sourcecode.swift; path = PrimaryTextField.swift; sourceTree = "<group>"; };
		F6B9FB701FE6F41000DED6B4 /* AppFonts.swift */ = {isa = PBXFileReference; lastKnownFileType = sourcecode.swift; path = AppFonts.swift; sourceTree = "<group>"; };
		F6D4ACDD200AD4520078816C /* CategoriesViewController.swift */ = {isa = PBXFileReference; lastKnownFileType = sourcecode.swift; path = CategoriesViewController.swift; sourceTree = "<group>"; };
		F6E59FF120005D0A0041DBBE /* UITableView+Extensions.swift */ = {isa = PBXFileReference; lastKnownFileType = sourcecode.swift; path = "UITableView+Extensions.swift"; sourceTree = "<group>"; };
		F6E59FF3200060620041DBBE /* GoogleService-Info.plist */ = {isa = PBXFileReference; fileEncoding = 4; lastKnownFileType = text.plist.xml; path = "GoogleService-Info.plist"; sourceTree = "<group>"; };
		F6EB447320006B83008647A1 /* AlertHelper.swift */ = {isa = PBXFileReference; lastKnownFileType = sourcecode.swift; path = AlertHelper.swift; sourceTree = "<group>"; };
		F6EB4475200152BC008647A1 /* FirebaseService.swift */ = {isa = PBXFileReference; lastKnownFileType = sourcecode.swift; path = FirebaseService.swift; sourceTree = "<group>"; };
		F6EB447B20020FB0008647A1 /* UIView+Extensions.swift */ = {isa = PBXFileReference; lastKnownFileType = sourcecode.swift; path = "UIView+Extensions.swift"; sourceTree = "<group>"; };
		F6EB44822002A85C008647A1 /* Party.swift */ = {isa = PBXFileReference; lastKnownFileType = sourcecode.swift; path = Party.swift; sourceTree = "<group>"; };
		F6EB44882002E17B008647A1 /* LobbyViewController.swift */ = {isa = PBXFileReference; lastKnownFileType = sourcecode.swift; path = LobbyViewController.swift; sourceTree = "<group>"; };
		F6EB448B20046E07008647A1 /* SettingsViewController.swift */ = {isa = PBXFileReference; lastKnownFileType = sourcecode.swift; path = SettingsViewController.swift; sourceTree = "<group>"; };
		F6EB448D2009D4EB008647A1 /* PartyTableViewCell.swift */ = {isa = PBXFileReference; lastKnownFileType = sourcecode.swift; path = PartyTableViewCell.swift; sourceTree = "<group>"; };
		F6EB448E2009D4EB008647A1 /* PartyTableViewCell.xib */ = {isa = PBXFileReference; lastKnownFileType = file.xib; path = PartyTableViewCell.xib; sourceTree = "<group>"; };
		F6EB44912009DCD3008647A1 /* PartyListViewController.swift */ = {isa = PBXFileReference; lastKnownFileType = sourcecode.swift; path = PartyListViewController.swift; sourceTree = "<group>"; };
/* End PBXFileReference section */

/* Begin PBXFrameworksBuildPhase section */
		F60F7C351FE6225A00073506 /* Frameworks */ = {
			isa = PBXFrameworksBuildPhase;
			buildActionMask = 2147483647;
			files = (
				00C694A486947D9430566BE6 /* Pods_CostumeParty.framework in Frameworks */,
			);
			runOnlyForDeploymentPostprocessing = 0;
		};
/* End PBXFrameworksBuildPhase section */

/* Begin PBXGroup section */
		03778AC9572180EDBEA08E53 /* Frameworks */ = {
			isa = PBXGroup;
			children = (
				4B2C42A7E49626ECC5C049C0 /* Pods_CostumeParty.framework */,
			);
			name = Frameworks;
			sourceTree = "<group>";
		};
		07F0F49787404CEEBCDA5A69 /* Pods */ = {
			isa = PBXGroup;
			children = (
				77A09FF3F4B2AE0B22ABE3BB /* Pods-CostumeParty.debug.xcconfig */,
				B16E58E05475573B997E0612 /* Pods-CostumeParty.release.xcconfig */,
			);
			name = Pods;
			sourceTree = "<group>";
		};
		F605B08B1FEB950A00896503 /* Helpers */ = {
			isa = PBXGroup;
			children = (
				F6EB447320006B83008647A1 /* AlertHelper.swift */,
				F6EB4475200152BC008647A1 /* FirebaseService.swift */,
			);
			path = Helpers;
			sourceTree = "<group>";
		};
		F60F7C2F1FE6225A00073506 = {
			isa = PBXGroup;
			children = (
				F60F7C3A1FE6225A00073506 /* CostumeParty */,
				F60F7C391FE6225A00073506 /* Products */,
				07F0F49787404CEEBCDA5A69 /* Pods */,
				03778AC9572180EDBEA08E53 /* Frameworks */,
			);
			sourceTree = "<group>";
		};
		F60F7C391FE6225A00073506 /* Products */ = {
			isa = PBXGroup;
			children = (
				F60F7C381FE6225A00073506 /* CostumeParty.app */,
			);
			name = Products;
			sourceTree = "<group>";
		};
		F60F7C3A1FE6225A00073506 /* CostumeParty */ = {
			isa = PBXGroup;
			children = (
				F60F7C3B1FE6225A00073506 /* AppDelegate.swift */,
				F60F7C471FE6225A00073506 /* Info.plist */,
				F60F7C441FE6225A00073506 /* LaunchScreen.storyboard */,
				F694C79720276739000AB9BC /* Resources */,
				F6D4ACDF200BC78F0078816C /* Models */,
				F6D4ACE0200BC7980078816C /* Views and Controllers */,
			);
			path = CostumeParty;
			sourceTree = "<group>";
		};
		F60F7C4E1FE6236500073506 /* Reusable Components */ = {
			isa = PBXGroup;
			children = (
				F60F7C4F1FE6238600073506 /* Buttons */,
				F60F7C501FE6239000073506 /* Cells */,
				F6847E641FFA1C4E009FEB21 /* Text Fields */,
				F6D4ACE1200C74820078816C /* Views */,
			);
			path = "Reusable Components";
			sourceTree = "<group>";
		};
		F60F7C4F1FE6238600073506 /* Buttons */ = {
			isa = PBXGroup;
			children = (
				F66F6CCE1FE62E7C0073766E /* PrimaryButton.swift */,
			);
			path = Buttons;
			sourceTree = "<group>";
		};
		F60F7C501FE6239000073506 /* Cells */ = {
			isa = PBXGroup;
			children = (
				F6EB448D2009D4EB008647A1 /* PartyTableViewCell.swift */,
				F6EB448E2009D4EB008647A1 /* PartyTableViewCell.xib */,
			);
			path = Cells;
			sourceTree = "<group>";
		};
		F66F6CD01FE630210073766E /* Styling */ = {
			isa = PBXGroup;
			children = (
				F66F6CD11FE630310073766E /* AppColors.swift */,
				F6B9FB701FE6F41000DED6B4 /* AppFonts.swift */,
			);
			path = Styling;
			sourceTree = "<group>";
		};
		F6847E641FFA1C4E009FEB21 /* Text Fields */ = {
			isa = PBXGroup;
			children = (
				F6847E6C1FFB5918009FEB21 /* PrimaryTextField.swift */,
			);
			path = "Text Fields";
			sourceTree = "<group>";
		};
		F6847E691FFB5290009FEB21 /* Extensions */ = {
			isa = PBXGroup;
			children = (
				F6847E6A1FFB52AC009FEB21 /* UIViewController+Extensions.swift */,
				F6E59FF120005D0A0041DBBE /* UITableView+Extensions.swift */,
				F6EB447B20020FB0008647A1 /* UIView+Extensions.swift */,
			);
			path = Extensions;
			sourceTree = "<group>";
		};
		F694C79720276739000AB9BC /* Resources */ = {
			isa = PBXGroup;
			children = (
				F60F7C421FE6225A00073506 /* Assets.xcassets */,
				F6E59FF3200060620041DBBE /* GoogleService-Info.plist */,
			);
			path = Resources;
			sourceTree = "<group>";
		};
		F6D4ACDF200BC78F0078816C /* Models */ = {
			isa = PBXGroup;
			children = (
				F6EB44822002A85C008647A1 /* Party.swift */,
				F605B08B1FEB950A00896503 /* Helpers */,
			);
			path = Models;
			sourceTree = "<group>";
		};
		F6D4ACE0200BC7980078816C /* Views and Controllers */ = {
			isa = PBXGroup;
			children = (
				F6847E691FFB5290009FEB21 /* Extensions */,
				F60F7C4E1FE6236500073506 /* Reusable Components */,
				F66F6CD01FE630210073766E /* Styling */,
				F66F6CC91FE626AC0073766E /* Main.storyboard */,
				F6D4ACDD200AD4520078816C /* CategoriesViewController.swift */,
				F622ADC1200A80B60073A3ED /* HostPartyFormViewController.swift */,
				F6EB44882002E17B008647A1 /* LobbyViewController.swift */,
				F60F7C3D1FE6225A00073506 /* LoginViewController.swift */,
				F6EB44912009DCD3008647A1 /* PartyListViewController.swift */,
				F65B57641FFE038C0078AE96 /* RegisterViewController.swift */,
				F6EB448B20046E07008647A1 /* SettingsViewController.swift */,
			);
			name = "Views and Controllers";
			path = "New Group";
			sourceTree = "<group>";
		};
		F6D4ACE1200C74820078816C /* Views */ = {
			isa = PBXGroup;
			children = (
			);
			path = Views;
			sourceTree = "<group>";
		};
/* End PBXGroup section */

/* Begin PBXNativeTarget section */
		F60F7C371FE6225A00073506 /* CostumeParty */ = {
			isa = PBXNativeTarget;
			buildConfigurationList = F60F7C4A1FE6225A00073506 /* Build configuration list for PBXNativeTarget "CostumeParty" */;
			buildPhases = (
				F54213BFC8D14588CF6AAFC3 /* [CP] Check Pods Manifest.lock */,
				F60F7C341FE6225A00073506 /* Sources */,
				F60F7C351FE6225A00073506 /* Frameworks */,
				F60F7C361FE6225A00073506 /* Resources */,
				E6C99F7B9DDE8F1D6B825F84 /* [CP] Embed Pods Frameworks */,
				469BA5E2AEDB290E7B64969A /* [CP] Copy Pods Resources */,
			);
			buildRules = (
			);
			dependencies = (
			);
			name = CostumeParty;
			productName = CostumeParty;
			productReference = F60F7C381FE6225A00073506 /* CostumeParty.app */;
			productType = "com.apple.product-type.application";
		};
/* End PBXNativeTarget section */

/* Begin PBXProject section */
		F60F7C301FE6225A00073506 /* Project object */ = {
			isa = PBXProject;
			attributes = {
				LastSwiftUpdateCheck = 0910;
				LastUpgradeCheck = 0910;
				ORGANIZATIONNAME = "Lane Faison";
				TargetAttributes = {
					F60F7C371FE6225A00073506 = {
						CreatedOnToolsVersion = 9.1;
						ProvisioningStyle = Automatic;
					};
				};
			};
			buildConfigurationList = F60F7C331FE6225A00073506 /* Build configuration list for PBXProject "CostumeParty" */;
			compatibilityVersion = "Xcode 8.0";
			developmentRegion = en;
			hasScannedForEncodings = 0;
			knownRegions = (
				en,
				Base,
			);
			mainGroup = F60F7C2F1FE6225A00073506;
			productRefGroup = F60F7C391FE6225A00073506 /* Products */;
			projectDirPath = "";
			projectRoot = "";
			targets = (
				F60F7C371FE6225A00073506 /* CostumeParty */,
			);
		};
/* End PBXProject section */

/* Begin PBXResourcesBuildPhase section */
		F60F7C361FE6225A00073506 /* Resources */ = {
			isa = PBXResourcesBuildPhase;
			buildActionMask = 2147483647;
			files = (
				F66F6CCA1FE626AC0073766E /* Main.storyboard in Resources */,
				F60F7C461FE6225A00073506 /* LaunchScreen.storyboard in Resources */,
				F6EB44902009D4EB008647A1 /* PartyTableViewCell.xib in Resources */,
				F60F7C431FE6225A00073506 /* Assets.xcassets in Resources */,
				F6E59FF4200060620041DBBE /* GoogleService-Info.plist in Resources */,
			);
			runOnlyForDeploymentPostprocessing = 0;
		};
/* End PBXResourcesBuildPhase section */

/* Begin PBXShellScriptBuildPhase section */
		469BA5E2AEDB290E7B64969A /* [CP] Copy Pods Resources */ = {
			isa = PBXShellScriptBuildPhase;
			buildActionMask = 2147483647;
			files = (
			);
			inputPaths = (
			);
			name = "[CP] Copy Pods Resources";
			outputPaths = (
			);
			runOnlyForDeploymentPostprocessing = 0;
			shellPath = /bin/sh;
			shellScript = "\"${SRCROOT}/Pods/Target Support Files/Pods-CostumeParty/Pods-CostumeParty-resources.sh\"\n";
			showEnvVarsInLog = 0;
		};
		E6C99F7B9DDE8F1D6B825F84 /* [CP] Embed Pods Frameworks */ = {
			isa = PBXShellScriptBuildPhase;
			buildActionMask = 2147483647;
			files = (
			);
			inputPaths = (
			);
			name = "[CP] Embed Pods Frameworks";
			outputPaths = (
			);
			runOnlyForDeploymentPostprocessing = 0;
			shellPath = /bin/sh;
			shellScript = "\"${SRCROOT}/Pods/Target Support Files/Pods-CostumeParty/Pods-CostumeParty-frameworks.sh\"\n";
			showEnvVarsInLog = 0;
		};
		F54213BFC8D14588CF6AAFC3 /* [CP] Check Pods Manifest.lock */ = {
			isa = PBXShellScriptBuildPhase;
			buildActionMask = 2147483647;
			files = (
			);
			inputPaths = (
			);
			name = "[CP] Check Pods Manifest.lock";
			outputPaths = (
			);
			runOnlyForDeploymentPostprocessing = 0;
			shellPath = /bin/sh;
			shellScript = "diff \"${PODS_PODFILE_DIR_PATH}/Podfile.lock\" \"${PODS_ROOT}/Manifest.lock\" > /dev/null\nif [ $? != 0 ] ; then\n    # print error to STDERR\n    echo \"error: The sandbox is not in sync with the Podfile.lock. Run 'pod install' or update your CocoaPods installation.\" >&2\n    exit 1\nfi\n";
			showEnvVarsInLog = 0;
		};
/* End PBXShellScriptBuildPhase section */

/* Begin PBXSourcesBuildPhase section */
		F60F7C341FE6225A00073506 /* Sources */ = {
			isa = PBXSourcesBuildPhase;
			buildActionMask = 2147483647;
			files = (
				F6E59FF220005D0A0041DBBE /* UITableView+Extensions.swift in Sources */,
				F6EB448C20046E07008647A1 /* SettingsViewController.swift in Sources */,
				F6EB447420006B83008647A1 /* AlertHelper.swift in Sources */,
				F6EB44922009DCD3008647A1 /* PartyListViewController.swift in Sources */,
				F6EB44892002E17B008647A1 /* LobbyViewController.swift in Sources */,
				F60F7C3E1FE6225A00073506 /* LoginViewController.swift in Sources */,
				F6EB4476200152BC008647A1 /* FirebaseService.swift in Sources */,
				F6B9FB711FE6F41000DED6B4 /* AppFonts.swift in Sources */,
				F6847E6B1FFB52AC009FEB21 /* UIViewController+Extensions.swift in Sources */,
				F66F6CD21FE630310073766E /* AppColors.swift in Sources */,
				F6D4ACDE200AD4520078816C /* CategoriesViewController.swift in Sources */,
				F66F6CCF1FE62E7C0073766E /* PrimaryButton.swift in Sources */,
				F6EB447C20020FB0008647A1 /* UIView+Extensions.swift in Sources */,
				F6EB44832002A85C008647A1 /* Party.swift in Sources */,
				F6847E6D1FFB5918009FEB21 /* PrimaryTextField.swift in Sources */,
				F65B57651FFE038C0078AE96 /* RegisterViewController.swift in Sources */,
				F6EB448F2009D4EB008647A1 /* PartyTableViewCell.swift in Sources */,
				F622ADC2200A80B60073A3ED /* HostPartyFormViewController.swift in Sources */,
				F60F7C3C1FE6225A00073506 /* AppDelegate.swift in Sources */,
			);
			runOnlyForDeploymentPostprocessing = 0;
		};
/* End PBXSourcesBuildPhase section */

/* Begin PBXVariantGroup section */
		F60F7C441FE6225A00073506 /* LaunchScreen.storyboard */ = {
			isa = PBXVariantGroup;
			children = (
				F60F7C451FE6225A00073506 /* Base */,
			);
			name = LaunchScreen.storyboard;
			sourceTree = "<group>";
		};
/* End PBXVariantGroup section */

/* Begin XCBuildConfiguration section */
		F60F7C481FE6225A00073506 /* Debug */ = {
			isa = XCBuildConfiguration;
			buildSettings = {
				ALWAYS_SEARCH_USER_PATHS = NO;
				CLANG_ANALYZER_NONNULL = YES;
				CLANG_ANALYZER_NUMBER_OBJECT_CONVERSION = YES_AGGRESSIVE;
				CLANG_CXX_LANGUAGE_STANDARD = "gnu++14";
				CLANG_CXX_LIBRARY = "libc++";
				CLANG_ENABLE_MODULES = YES;
				CLANG_ENABLE_OBJC_ARC = YES;
				CLANG_WARN_BLOCK_CAPTURE_AUTORELEASING = YES;
				CLANG_WARN_BOOL_CONVERSION = YES;
				CLANG_WARN_COMMA = YES;
				CLANG_WARN_CONSTANT_CONVERSION = YES;
				CLANG_WARN_DIRECT_OBJC_ISA_USAGE = YES_ERROR;
				CLANG_WARN_DOCUMENTATION_COMMENTS = YES;
				CLANG_WARN_EMPTY_BODY = YES;
				CLANG_WARN_ENUM_CONVERSION = YES;
				CLANG_WARN_INFINITE_RECURSION = YES;
				CLANG_WARN_INT_CONVERSION = YES;
				CLANG_WARN_NON_LITERAL_NULL_CONVERSION = YES;
				CLANG_WARN_OBJC_LITERAL_CONVERSION = YES;
				CLANG_WARN_OBJC_ROOT_CLASS = YES_ERROR;
				CLANG_WARN_RANGE_LOOP_ANALYSIS = YES;
				CLANG_WARN_STRICT_PROTOTYPES = YES;
				CLANG_WARN_SUSPICIOUS_MOVE = YES;
				CLANG_WARN_UNGUARDED_AVAILABILITY = YES_AGGRESSIVE;
				CLANG_WARN_UNREACHABLE_CODE = YES;
				CLANG_WARN__DUPLICATE_METHOD_MATCH = YES;
				CODE_SIGN_IDENTITY = "iPhone Developer";
				COPY_PHASE_STRIP = NO;
				DEBUG_INFORMATION_FORMAT = dwarf;
				ENABLE_STRICT_OBJC_MSGSEND = YES;
				ENABLE_TESTABILITY = YES;
				GCC_C_LANGUAGE_STANDARD = gnu11;
				GCC_DYNAMIC_NO_PIC = NO;
				GCC_NO_COMMON_BLOCKS = YES;
				GCC_OPTIMIZATION_LEVEL = 0;
				GCC_PREPROCESSOR_DEFINITIONS = (
					"DEBUG=1",
					"$(inherited)",
				);
				GCC_WARN_64_TO_32_BIT_CONVERSION = YES;
				GCC_WARN_ABOUT_RETURN_TYPE = YES_ERROR;
				GCC_WARN_UNDECLARED_SELECTOR = YES;
				GCC_WARN_UNINITIALIZED_AUTOS = YES_AGGRESSIVE;
				GCC_WARN_UNUSED_FUNCTION = YES;
				GCC_WARN_UNUSED_VARIABLE = YES;
				IPHONEOS_DEPLOYMENT_TARGET = 11.1;
				MTL_ENABLE_DEBUG_INFO = YES;
				ONLY_ACTIVE_ARCH = YES;
				SDKROOT = iphoneos;
				SWIFT_ACTIVE_COMPILATION_CONDITIONS = DEBUG;
				SWIFT_OPTIMIZATION_LEVEL = "-Onone";
			};
			name = Debug;
		};
		F60F7C491FE6225A00073506 /* Release */ = {
			isa = XCBuildConfiguration;
			buildSettings = {
				ALWAYS_SEARCH_USER_PATHS = NO;
				CLANG_ANALYZER_NONNULL = YES;
				CLANG_ANALYZER_NUMBER_OBJECT_CONVERSION = YES_AGGRESSIVE;
				CLANG_CXX_LANGUAGE_STANDARD = "gnu++14";
				CLANG_CXX_LIBRARY = "libc++";
				CLANG_ENABLE_MODULES = YES;
				CLANG_ENABLE_OBJC_ARC = YES;
				CLANG_WARN_BLOCK_CAPTURE_AUTORELEASING = YES;
				CLANG_WARN_BOOL_CONVERSION = YES;
				CLANG_WARN_COMMA = YES;
				CLANG_WARN_CONSTANT_CONVERSION = YES;
				CLANG_WARN_DIRECT_OBJC_ISA_USAGE = YES_ERROR;
				CLANG_WARN_DOCUMENTATION_COMMENTS = YES;
				CLANG_WARN_EMPTY_BODY = YES;
				CLANG_WARN_ENUM_CONVERSION = YES;
				CLANG_WARN_INFINITE_RECURSION = YES;
				CLANG_WARN_INT_CONVERSION = YES;
				CLANG_WARN_NON_LITERAL_NULL_CONVERSION = YES;
				CLANG_WARN_OBJC_LITERAL_CONVERSION = YES;
				CLANG_WARN_OBJC_ROOT_CLASS = YES_ERROR;
				CLANG_WARN_RANGE_LOOP_ANALYSIS = YES;
				CLANG_WARN_STRICT_PROTOTYPES = YES;
				CLANG_WARN_SUSPICIOUS_MOVE = YES;
				CLANG_WARN_UNGUARDED_AVAILABILITY = YES_AGGRESSIVE;
				CLANG_WARN_UNREACHABLE_CODE = YES;
				CLANG_WARN__DUPLICATE_METHOD_MATCH = YES;
				CODE_SIGN_IDENTITY = "iPhone Developer";
				COPY_PHASE_STRIP = NO;
				DEBUG_INFORMATION_FORMAT = "dwarf-with-dsym";
				ENABLE_NS_ASSERTIONS = NO;
				ENABLE_STRICT_OBJC_MSGSEND = YES;
				GCC_C_LANGUAGE_STANDARD = gnu11;
				GCC_NO_COMMON_BLOCKS = YES;
				GCC_WARN_64_TO_32_BIT_CONVERSION = YES;
				GCC_WARN_ABOUT_RETURN_TYPE = YES_ERROR;
				GCC_WARN_UNDECLARED_SELECTOR = YES;
				GCC_WARN_UNINITIALIZED_AUTOS = YES_AGGRESSIVE;
				GCC_WARN_UNUSED_FUNCTION = YES;
				GCC_WARN_UNUSED_VARIABLE = YES;
				IPHONEOS_DEPLOYMENT_TARGET = 11.1;
				MTL_ENABLE_DEBUG_INFO = NO;
				SDKROOT = iphoneos;
				SWIFT_OPTIMIZATION_LEVEL = "-Owholemodule";
				VALIDATE_PRODUCT = YES;
			};
			name = Release;
		};
		F60F7C4B1FE6225A00073506 /* Debug */ = {
			isa = XCBuildConfiguration;
			baseConfigurationReference = 77A09FF3F4B2AE0B22ABE3BB /* Pods-CostumeParty.debug.xcconfig */;
			buildSettings = {
				ASSETCATALOG_COMPILER_APPICON_NAME = AppIcon;
				CODE_SIGN_STYLE = Automatic;
				DEVELOPMENT_TEAM = 34KC4VR7Y2;
				INFOPLIST_FILE = CostumeParty/Info.plist;
				LD_RUNPATH_SEARCH_PATHS = "$(inherited) @executable_path/Frameworks";
				PRODUCT_BUNDLE_IDENTIFIER = com.lanefaison.CostumeParty;
				PRODUCT_NAME = "$(TARGET_NAME)";
				SWIFT_VERSION = 4.0;
				TARGETED_DEVICE_FAMILY = "1,2";
			};
			name = Debug;
		};
		F60F7C4C1FE6225A00073506 /* Release */ = {
			isa = XCBuildConfiguration;
			baseConfigurationReference = B16E58E05475573B997E0612 /* Pods-CostumeParty.release.xcconfig */;
			buildSettings = {
				ASSETCATALOG_COMPILER_APPICON_NAME = AppIcon;
				CODE_SIGN_STYLE = Automatic;
				DEVELOPMENT_TEAM = 34KC4VR7Y2;
				INFOPLIST_FILE = CostumeParty/Info.plist;
				LD_RUNPATH_SEARCH_PATHS = "$(inherited) @executable_path/Frameworks";
				PRODUCT_BUNDLE_IDENTIFIER = com.lanefaison.CostumeParty;
				PRODUCT_NAME = "$(TARGET_NAME)";
				SWIFT_VERSION = 4.0;
				TARGETED_DEVICE_FAMILY = "1,2";
			};
			name = Release;
		};
/* End XCBuildConfiguration section */

/* Begin XCConfigurationList section */
		F60F7C331FE6225A00073506 /* Build configuration list for PBXProject "CostumeParty" */ = {
			isa = XCConfigurationList;
			buildConfigurations = (
				F60F7C481FE6225A00073506 /* Debug */,
				F60F7C491FE6225A00073506 /* Release */,
			);
			defaultConfigurationIsVisible = 0;
			defaultConfigurationName = Release;
		};
		F60F7C4A1FE6225A00073506 /* Build configuration list for PBXNativeTarget "CostumeParty" */ = {
			isa = XCConfigurationList;
			buildConfigurations = (
				F60F7C4B1FE6225A00073506 /* Debug */,
				F60F7C4C1FE6225A00073506 /* Release */,
			);
			defaultConfigurationIsVisible = 0;
			defaultConfigurationName = Release;
		};
/* End XCConfigurationList section */
	};
	rootObject = F60F7C301FE6225A00073506 /* Project object */;
}
