// !$*UTF8*$!
{
	archiveVersion = 1;
	classes = {
	};
	objectVersion = 48;
	objects = {

/* Begin PBXBuildFile section */
		F605B08A1FEB94F900896503 /* StoryboardHelper.swift in Sources */ = {isa = PBXBuildFile; fileRef = F605B0891FEB94F900896503 /* StoryboardHelper.swift */; };
		F605B08D1FEB95A900896503 /* BaseViewController.swift in Sources */ = {isa = PBXBuildFile; fileRef = F605B08C1FEB95A800896503 /* BaseViewController.swift */; };
		F60F7C3C1FE6225A00073506 /* AppDelegate.swift in Sources */ = {isa = PBXBuildFile; fileRef = F60F7C3B1FE6225A00073506 /* AppDelegate.swift */; };
		F60F7C3E1FE6225A00073506 /* LoginViewController.swift in Sources */ = {isa = PBXBuildFile; fileRef = F60F7C3D1FE6225A00073506 /* LoginViewController.swift */; };
		F60F7C431FE6225A00073506 /* Assets.xcassets in Resources */ = {isa = PBXBuildFile; fileRef = F60F7C421FE6225A00073506 /* Assets.xcassets */; };
		F60F7C461FE6225A00073506 /* LaunchScreen.storyboard in Resources */ = {isa = PBXBuildFile; fileRef = F60F7C441FE6225A00073506 /* LaunchScreen.storyboard */; };
		F65FE6061FF9632E00B502D0 /* AdminRegistrationViewController.swift in Sources */ = {isa = PBXBuildFile; fileRef = F65FE6051FF9632E00B502D0 /* AdminRegistrationViewController.swift */; };
		F65FE6081FF9634600B502D0 /* GuestRegistrationViewController.swift in Sources */ = {isa = PBXBuildFile; fileRef = F65FE6071FF9634600B502D0 /* GuestRegistrationViewController.swift */; };
		F65FE60C1FF96B0300B502D0 /* BaseViewController.swift in Sources */ = {isa = PBXBuildFile; fileRef = F65FE60B1FF96B0300B502D0 /* BaseViewController.swift */; };
		F66F6CCA1FE626AC0073766E /* Main.storyboard in Resources */ = {isa = PBXBuildFile; fileRef = F66F6CC91FE626AC0073766E /* Main.storyboard */; };
		F66F6CCF1FE62E7C0073766E /* PrimaryButton.swift in Sources */ = {isa = PBXBuildFile; fileRef = F66F6CCE1FE62E7C0073766E /* PrimaryButton.swift */; };
		F66F6CD21FE630310073766E /* AppColors.swift in Sources */ = {isa = PBXBuildFile; fileRef = F66F6CD11FE630310073766E /* AppColors.swift */; };
		F6B9FB6F1FE6DA3600DED6B4 /* SecondaryButton.swift in Sources */ = {isa = PBXBuildFile; fileRef = F6B9FB6E1FE6DA3600DED6B4 /* SecondaryButton.swift */; };
		F6B9FB711FE6F41000DED6B4 /* AppFonts.swift in Sources */ = {isa = PBXBuildFile; fileRef = F6B9FB701FE6F41000DED6B4 /* AppFonts.swift */; };
		F6B9FB731FE7936500DED6B4 /* RegisterMenuViewController.swift in Sources */ = {isa = PBXBuildFile; fileRef = F6B9FB721FE7936500DED6B4 /* RegisterMenuViewController.swift */; };
/* End PBXBuildFile section */

/* Begin PBXFileReference section */
		F605B0891FEB94F900896503 /* StoryboardHelper.swift */ = {isa = PBXFileReference; lastKnownFileType = sourcecode.swift; path = StoryboardHelper.swift; sourceTree = "<group>"; };
		F605B08C1FEB95A800896503 /* BaseViewController.swift */ = {isa = PBXFileReference; lastKnownFileType = sourcecode.swift; path = BaseViewController.swift; sourceTree = "<group>"; };
		F60F7C381FE6225A00073506 /* CostumeParty.app */ = {isa = PBXFileReference; explicitFileType = wrapper.application; includeInIndex = 0; path = CostumeParty.app; sourceTree = BUILT_PRODUCTS_DIR; };
		F60F7C3B1FE6225A00073506 /* AppDelegate.swift */ = {isa = PBXFileReference; lastKnownFileType = sourcecode.swift; path = AppDelegate.swift; sourceTree = "<group>"; };
		F60F7C3D1FE6225A00073506 /* LoginViewController.swift */ = {isa = PBXFileReference; lastKnownFileType = sourcecode.swift; name = LoginViewController.swift; path = ../../LoginViewController.swift; sourceTree = "<group>"; };
		F60F7C421FE6225A00073506 /* Assets.xcassets */ = {isa = PBXFileReference; lastKnownFileType = folder.assetcatalog; path = Assets.xcassets; sourceTree = "<group>"; };
		F60F7C451FE6225A00073506 /* Base */ = {isa = PBXFileReference; lastKnownFileType = file.storyboard; name = Base; path = Base.lproj/LaunchScreen.storyboard; sourceTree = "<group>"; };
		F60F7C471FE6225A00073506 /* Info.plist */ = {isa = PBXFileReference; lastKnownFileType = text.plist.xml; path = Info.plist; sourceTree = "<group>"; };
		F65FE6051FF9632E00B502D0 /* AdminRegistrationViewController.swift */ = {isa = PBXFileReference; lastKnownFileType = sourcecode.swift; path = AdminRegistrationViewController.swift; sourceTree = "<group>"; };
		F65FE6071FF9634600B502D0 /* GuestRegistrationViewController.swift */ = {isa = PBXFileReference; lastKnownFileType = sourcecode.swift; path = GuestRegistrationViewController.swift; sourceTree = "<group>"; };
		F65FE60B1FF96B0300B502D0 /* BaseViewController.swift */ = {isa = PBXFileReference; lastKnownFileType = sourcecode.swift; path = BaseViewController.swift; sourceTree = "<group>"; };
		F66F6CC91FE626AC0073766E /* Main.storyboard */ = {isa = PBXFileReference; lastKnownFileType = file.storyboard; path = Main.storyboard; sourceTree = "<group>"; };
		F66F6CCE1FE62E7C0073766E /* PrimaryButton.swift */ = {isa = PBXFileReference; lastKnownFileType = sourcecode.swift; path = PrimaryButton.swift; sourceTree = "<group>"; };
		F66F6CD11FE630310073766E /* AppColors.swift */ = {isa = PBXFileReference; lastKnownFileType = sourcecode.swift; path = AppColors.swift; sourceTree = "<group>"; };
		F6B9FB6E1FE6DA3600DED6B4 /* SecondaryButton.swift */ = {isa = PBXFileReference; lastKnownFileType = sourcecode.swift; path = SecondaryButton.swift; sourceTree = "<group>"; };
		F6B9FB701FE6F41000DED6B4 /* AppFonts.swift */ = {isa = PBXFileReference; lastKnownFileType = sourcecode.swift; path = AppFonts.swift; sourceTree = "<group>"; };
		F6B9FB721FE7936500DED6B4 /* RegisterMenuViewController.swift */ = {isa = PBXFileReference; lastKnownFileType = sourcecode.swift; path = RegisterMenuViewController.swift; sourceTree = "<group>"; };
/* End PBXFileReference section */

/* Begin PBXFrameworksBuildPhase section */
		F60F7C351FE6225A00073506 /* Frameworks */ = {
			isa = PBXFrameworksBuildPhase;
			buildActionMask = 2147483647;
			files = (
			);
			runOnlyForDeploymentPostprocessing = 0;
		};
/* End PBXFrameworksBuildPhase section */

/* Begin PBXGroup section */
		F605B08B1FEB950A00896503 /* Helpers */ = {
			isa = PBXGroup;
			children = (
				F605B0891FEB94F900896503 /* StoryboardHelper.swift */,
				F605B08C1FEB95A800896503 /* BaseViewController.swift */,
			);
			path = Helpers;
			sourceTree = "<group>";
		};
		F60F7C2F1FE6225A00073506 = {
			isa = PBXGroup;
			children = (
				F60F7C3A1FE6225A00073506 /* CostumeParty */,
				F60F7C391FE6225A00073506 /* Products */,
			);
			sourceTree = "<group>";
		};
		F60F7C391FE6225A00073506 /* Products */ = {
			isa = PBXGroup;
			children = (
				F60F7C381FE6225A00073506 /* CostumeParty.app */,
			);
			name = Products;
			sourceTree = "<group>";
		};
		F60F7C3A1FE6225A00073506 /* CostumeParty */ = {
			isa = PBXGroup;
			children = (
				F605B08B1FEB950A00896503 /* Helpers */,
				F66F6CD01FE630210073766E /* Styles */,
				F60F7C4E1FE6236500073506 /* Reusable Components */,
				F60F7C4D1FE6235A00073506 /* Views and Controllers */,
				F60F7C3B1FE6225A00073506 /* AppDelegate.swift */,
				F60F7C421FE6225A00073506 /* Assets.xcassets */,
				F60F7C441FE6225A00073506 /* LaunchScreen.storyboard */,
				F60F7C471FE6225A00073506 /* Info.plist */,
			);
			path = CostumeParty;
			sourceTree = "<group>";
		};
		F60F7C4D1FE6235A00073506 /* Views and Controllers */ = {
			isa = PBXGroup;
			children = (
				F66F6CC91FE626AC0073766E /* Main.storyboard */,
				F65FE60B1FF96B0300B502D0 /* BaseViewController.swift */,
				F6B9FB741FE7936A00DED6B4 /* Register */,
				F60F7C531FE623F300073506 /* Login */,
			);
			path = "Views and Controllers";
			sourceTree = "<group>";
		};
		F60F7C4E1FE6236500073506 /* Reusable Components */ = {
			isa = PBXGroup;
			children = (
				F60F7C501FE6239000073506 /* Cells */,
				F60F7C4F1FE6238600073506 /* Buttons */,
			);
			path = "Reusable Components";
			sourceTree = "<group>";
		};
		F60F7C4F1FE6238600073506 /* Buttons */ = {
			isa = PBXGroup;
			children = (
				F66F6CCE1FE62E7C0073766E /* PrimaryButton.swift */,
				F6B9FB6E1FE6DA3600DED6B4 /* SecondaryButton.swift */,
			);
			path = Buttons;
			sourceTree = "<group>";
		};
		F60F7C501FE6239000073506 /* Cells */ = {
			isa = PBXGroup;
			children = (
			);
			path = Cells;
			sourceTree = "<group>";
		};
		F60F7C531FE623F300073506 /* Login */ = {
			isa = PBXGroup;
			children = (
				F60F7C3D1FE6225A00073506 /* LoginViewController.swift */,
			);
			path = Login;
			sourceTree = "<group>";
		};
		F66F6CD01FE630210073766E /* Styles */ = {
			isa = PBXGroup;
			children = (
				F66F6CD11FE630310073766E /* AppColors.swift */,
				F6B9FB701FE6F41000DED6B4 /* AppFonts.swift */,
			);
			path = Styles;
			sourceTree = "<group>";
		};
		F6B9FB741FE7936A00DED6B4 /* Register */ = {
			isa = PBXGroup;
			children = (
				F6B9FB721FE7936500DED6B4 /* RegisterMenuViewController.swift */,
				F65FE6051FF9632E00B502D0 /* AdminRegistrationViewController.swift */,
				F65FE6071FF9634600B502D0 /* GuestRegistrationViewController.swift */,
			);
			path = Register;
			sourceTree = "<group>";
		};
/* End PBXGroup section */

/* Begin PBXNativeTarget section */
		F60F7C371FE6225A00073506 /* CostumeParty */ = {
			isa = PBXNativeTarget;
			buildConfigurationList = F60F7C4A1FE6225A00073506 /* Build configuration list for PBXNativeTarget "CostumeParty" */;
			buildPhases = (
				F60F7C341FE6225A00073506 /* Sources */,
				F60F7C351FE6225A00073506 /* Frameworks */,
				F60F7C361FE6225A00073506 /* Resources */,
			);
			buildRules = (
			);
			dependencies = (
			);
			name = CostumeParty;
			productName = CostumeParty;
			productReference = F60F7C381FE6225A00073506 /* CostumeParty.app */;
			productType = "com.apple.product-type.application";
		};
/* End PBXNativeTarget section */

/* Begin PBXProject section */
		F60F7C301FE6225A00073506 /* Project object */ = {
			isa = PBXProject;
			attributes = {
				LastSwiftUpdateCheck = 0910;
				LastUpgradeCheck = 0910;
				ORGANIZATIONNAME = "Lane Faison";
				TargetAttributes = {
					F60F7C371FE6225A00073506 = {
						CreatedOnToolsVersion = 9.1;
						ProvisioningStyle = Automatic;
					};
				};
			};
			buildConfigurationList = F60F7C331FE6225A00073506 /* Build configuration list for PBXProject "CostumeParty" */;
			compatibilityVersion = "Xcode 8.0";
			developmentRegion = en;
			hasScannedForEncodings = 0;
			knownRegions = (
				en,
				Base,
			);
			mainGroup = F60F7C2F1FE6225A00073506;
			productRefGroup = F60F7C391FE6225A00073506 /* Products */;
			projectDirPath = "";
			projectRoot = "";
			targets = (
				F60F7C371FE6225A00073506 /* CostumeParty */,
			);
		};
/* End PBXProject section */

/* Begin PBXResourcesBuildPhase section */
		F60F7C361FE6225A00073506 /* Resources */ = {
			isa = PBXResourcesBuildPhase;
			buildActionMask = 2147483647;
			files = (
				F66F6CCA1FE626AC0073766E /* Main.storyboard in Resources */,
				F60F7C461FE6225A00073506 /* LaunchScreen.storyboard in Resources */,
				F60F7C431FE6225A00073506 /* Assets.xcassets in Resources */,
			);
			runOnlyForDeploymentPostprocessing = 0;
		};
/* End PBXResourcesBuildPhase section */

/* Begin PBXSourcesBuildPhase section */
		F60F7C341FE6225A00073506 /* Sources */ = {
			isa = PBXSourcesBuildPhase;
			buildActionMask = 2147483647;
			files = (
				F605B08A1FEB94F900896503 /* StoryboardHelper.swift in Sources */,
				F6B9FB731FE7936500DED6B4 /* RegisterMenuViewController.swift in Sources */,
				F6B9FB6F1FE6DA3600DED6B4 /* SecondaryButton.swift in Sources */,
				F60F7C3E1FE6225A00073506 /* LoginViewController.swift in Sources */,
				F6B9FB711FE6F41000DED6B4 /* AppFonts.swift in Sources */,
				F65FE60C1FF96B0300B502D0 /* BaseViewController.swift in Sources */,
				F605B08D1FEB95A900896503 /* BaseViewController.swift in Sources */,
				F66F6CD21FE630310073766E /* AppColors.swift in Sources */,
				F65FE6061FF9632E00B502D0 /* AdminRegistrationViewController.swift in Sources */,
				F66F6CCF1FE62E7C0073766E /* PrimaryButton.swift in Sources */,
				F65FE6081FF9634600B502D0 /* GuestRegistrationViewController.swift in Sources */,
				F60F7C3C1FE6225A00073506 /* AppDelegate.swift in Sources */,
			);
			runOnlyForDeploymentPostprocessing = 0;
		};
/* End PBXSourcesBuildPhase section */

/* Begin PBXVariantGroup section */
		F60F7C441FE6225A00073506 /* LaunchScreen.storyboard */ = {
			isa = PBXVariantGroup;
			children = (
				F60F7C451FE6225A00073506 /* Base */,
			);
			name = LaunchScreen.storyboard;
			sourceTree = "<group>";
		};
/* End PBXVariantGroup section */

/* Begin XCBuildConfiguration section */
		F60F7C481FE6225A00073506 /* Debug */ = {
			isa = XCBuildConfiguration;
			buildSettings = {
				ALWAYS_SEARCH_USER_PATHS = NO;
				CLANG_ANALYZER_NONNULL = YES;
				CLANG_ANALYZER_NUMBER_OBJECT_CONVERSION = YES_AGGRESSIVE;
				CLANG_CXX_LANGUAGE_STANDARD = "gnu++14";
				CLANG_CXX_LIBRARY = "libc++";
				CLANG_ENABLE_MODULES = YES;
				CLANG_ENABLE_OBJC_ARC = YES;
				CLANG_WARN_BLOCK_CAPTURE_AUTORELEASING = YES;
				CLANG_WARN_BOOL_CONVERSION = YES;
				CLANG_WARN_COMMA = YES;
				CLANG_WARN_CONSTANT_CONVERSION = YES;
				CLANG_WARN_DIRECT_OBJC_ISA_USAGE = YES_ERROR;
				CLANG_WARN_DOCUMENTATION_COMMENTS = YES;
				CLANG_WARN_EMPTY_BODY = YES;
				CLANG_WARN_ENUM_CONVERSION = YES;
				CLANG_WARN_INFINITE_RECURSION = YES;
				CLANG_WARN_INT_CONVERSION = YES;
				CLANG_WARN_NON_LITERAL_NULL_CONVERSION = YES;
				CLANG_WARN_OBJC_LITERAL_CONVERSION = YES;
				CLANG_WARN_OBJC_ROOT_CLASS = YES_ERROR;
				CLANG_WARN_RANGE_LOOP_ANALYSIS = YES;
				CLANG_WARN_STRICT_PROTOTYPES = YES;
				CLANG_WARN_SUSPICIOUS_MOVE = YES;
				CLANG_WARN_UNGUARDED_AVAILABILITY = YES_AGGRESSIVE;
				CLANG_WARN_UNREACHABLE_CODE = YES;
				CLANG_WARN__DUPLICATE_METHOD_MATCH = YES;
				CODE_SIGN_IDENTITY = "iPhone Developer";
				COPY_PHASE_STRIP = NO;
				DEBUG_INFORMATION_FORMAT = dwarf;
				ENABLE_STRICT_OBJC_MSGSEND = YES;
				ENABLE_TESTABILITY = YES;
				GCC_C_LANGUAGE_STANDARD = gnu11;
				GCC_DYNAMIC_NO_PIC = NO;
				GCC_NO_COMMON_BLOCKS = YES;
				GCC_OPTIMIZATION_LEVEL = 0;
				GCC_PREPROCESSOR_DEFINITIONS = (
					"DEBUG=1",
					"$(inherited)",
				);
				GCC_WARN_64_TO_32_BIT_CONVERSION = YES;
				GCC_WARN_ABOUT_RETURN_TYPE = YES_ERROR;
				GCC_WARN_UNDECLARED_SELECTOR = YES;
				GCC_WARN_UNINITIALIZED_AUTOS = YES_AGGRESSIVE;
				GCC_WARN_UNUSED_FUNCTION = YES;
				GCC_WARN_UNUSED_VARIABLE = YES;
				IPHONEOS_DEPLOYMENT_TARGET = 11.1;
				MTL_ENABLE_DEBUG_INFO = YES;
				ONLY_ACTIVE_ARCH = YES;
				SDKROOT = iphoneos;
				SWIFT_ACTIVE_COMPILATION_CONDITIONS = DEBUG;
				SWIFT_OPTIMIZATION_LEVEL = "-Onone";
			};
			name = Debug;
		};
		F60F7C491FE6225A00073506 /* Release */ = {
			isa = XCBuildConfiguration;
			buildSettings = {
				ALWAYS_SEARCH_USER_PATHS = NO;
				CLANG_ANALYZER_NONNULL = YES;
				CLANG_ANALYZER_NUMBER_OBJECT_CONVERSION = YES_AGGRESSIVE;
				CLANG_CXX_LANGUAGE_STANDARD = "gnu++14";
				CLANG_CXX_LIBRARY = "libc++";
				CLANG_ENABLE_MODULES = YES;
				CLANG_ENABLE_OBJC_ARC = YES;
				CLANG_WARN_BLOCK_CAPTURE_AUTORELEASING = YES;
				CLANG_WARN_BOOL_CONVERSION = YES;
				CLANG_WARN_COMMA = YES;
				CLANG_WARN_CONSTANT_CONVERSION = YES;
				CLANG_WARN_DIRECT_OBJC_ISA_USAGE = YES_ERROR;
				CLANG_WARN_DOCUMENTATION_COMMENTS = YES;
				CLANG_WARN_EMPTY_BODY = YES;
				CLANG_WARN_ENUM_CONVERSION = YES;
				CLANG_WARN_INFINITE_RECURSION = YES;
				CLANG_WARN_INT_CONVERSION = YES;
				CLANG_WARN_NON_LITERAL_NULL_CONVERSION = YES;
				CLANG_WARN_OBJC_LITERAL_CONVERSION = YES;
				CLANG_WARN_OBJC_ROOT_CLASS = YES_ERROR;
				CLANG_WARN_RANGE_LOOP_ANALYSIS = YES;
				CLANG_WARN_STRICT_PROTOTYPES = YES;
				CLANG_WARN_SUSPICIOUS_MOVE = YES;
				CLANG_WARN_UNGUARDED_AVAILABILITY = YES_AGGRESSIVE;
				CLANG_WARN_UNREACHABLE_CODE = YES;
				CLANG_WARN__DUPLICATE_METHOD_MATCH = YES;
				CODE_SIGN_IDENTITY = "iPhone Developer";
				COPY_PHASE_STRIP = NO;
				DEBUG_INFORMATION_FORMAT = "dwarf-with-dsym";
				ENABLE_NS_ASSERTIONS = NO;
				ENABLE_STRICT_OBJC_MSGSEND = YES;
				GCC_C_LANGUAGE_STANDARD = gnu11;
				GCC_NO_COMMON_BLOCKS = YES;
				GCC_WARN_64_TO_32_BIT_CONVERSION = YES;
				GCC_WARN_ABOUT_RETURN_TYPE = YES_ERROR;
				GCC_WARN_UNDECLARED_SELECTOR = YES;
				GCC_WARN_UNINITIALIZED_AUTOS = YES_AGGRESSIVE;
				GCC_WARN_UNUSED_FUNCTION = YES;
				GCC_WARN_UNUSED_VARIABLE = YES;
				IPHONEOS_DEPLOYMENT_TARGET = 11.1;
				MTL_ENABLE_DEBUG_INFO = NO;
				SDKROOT = iphoneos;
				SWIFT_OPTIMIZATION_LEVEL = "-Owholemodule";
				VALIDATE_PRODUCT = YES;
			};
			name = Release;
		};
		F60F7C4B1FE6225A00073506 /* Debug */ = {
			isa = XCBuildConfiguration;
			buildSettings = {
				ASSETCATALOG_COMPILER_APPICON_NAME = AppIcon;
				CODE_SIGN_STYLE = Automatic;
				DEVELOPMENT_TEAM = 34KC4VR7Y2;
				INFOPLIST_FILE = CostumeParty/Info.plist;
				LD_RUNPATH_SEARCH_PATHS = "$(inherited) @executable_path/Frameworks";
				PRODUCT_BUNDLE_IDENTIFIER = com.lanefaison.CostumeParty;
				PRODUCT_NAME = "$(TARGET_NAME)";
				SWIFT_VERSION = 4.0;
				TARGETED_DEVICE_FAMILY = "1,2";
			};
			name = Debug;
		};
		F60F7C4C1FE6225A00073506 /* Release */ = {
			isa = XCBuildConfiguration;
			buildSettings = {
				ASSETCATALOG_COMPILER_APPICON_NAME = AppIcon;
				CODE_SIGN_STYLE = Automatic;
				DEVELOPMENT_TEAM = 34KC4VR7Y2;
				INFOPLIST_FILE = CostumeParty/Info.plist;
				LD_RUNPATH_SEARCH_PATHS = "$(inherited) @executable_path/Frameworks";
				PRODUCT_BUNDLE_IDENTIFIER = com.lanefaison.CostumeParty;
				PRODUCT_NAME = "$(TARGET_NAME)";
				SWIFT_VERSION = 4.0;
				TARGETED_DEVICE_FAMILY = "1,2";
			};
			name = Release;
		};
/* End XCBuildConfiguration section */

/* Begin XCConfigurationList section */
		F60F7C331FE6225A00073506 /* Build configuration list for PBXProject "CostumeParty" */ = {
			isa = XCConfigurationList;
			buildConfigurations = (
				F60F7C481FE6225A00073506 /* Debug */,
				F60F7C491FE6225A00073506 /* Release */,
			);
			defaultConfigurationIsVisible = 0;
			defaultConfigurationName = Release;
		};
		F60F7C4A1FE6225A00073506 /* Build configuration list for PBXNativeTarget "CostumeParty" */ = {
			isa = XCConfigurationList;
			buildConfigurations = (
				F60F7C4B1FE6225A00073506 /* Debug */,
				F60F7C4C1FE6225A00073506 /* Release */,
			);
			defaultConfigurationIsVisible = 0;
			defaultConfigurationName = Release;
		};
/* End XCConfigurationList section */
	};
	rootObject = F60F7C301FE6225A00073506 /* Project object */;
}
